<?xml version="1.0" encoding="UTF-8"?>
<Scheme
   LastUpgradeVersion = "1200"
   version = "1.3">
   <BuildAction
      parallelizeBuildables = "YES"
      buildImplicitDependencies = "YES">
      <BuildActionEntries>
         <BuildActionEntry
            buildForTesting = "YES"
            buildForRunning = "YES"
            buildForProfiling = "YES"
            buildForArchiving = "YES"
            buildForAnalyzing = "YES">
            <BuildableReference
               BuildableIdentifier = "primary"
               BlueprintIdentifier = "D565EEE3252B813700426648"
               BuildableName = "MacroCHallengeApp.app"
               BlueprintName = "MacroCHallengeApp"
               ReferencedContainer = "container:MacroCHallengeApp.xcodeproj">
            </BuildableReference>
         </BuildActionEntry>
      </BuildActionEntries>
   </BuildAction>
   <TestAction
      buildConfiguration = "Debug"
      selectedDebuggerIdentifier = "Xcode.DebuggerFoundation.Debugger.LLDB"
      selectedLauncherIdentifier = "Xcode.DebuggerFoundation.Launcher.LLDB"
      shouldUseLaunchSchemeArgsEnv = "YES">
      <Testables>
         <TestableReference
            skipped = "NO">
            <BuildableReference
               BuildableIdentifier = "primary"
               BlueprintIdentifier = "D565EEF9252B813A00426648"
               BuildableName = "MacroCHallengeAppTests.xctest"
               BlueprintName = "MacroCHallengeAppTests"
               ReferencedContainer = "container:MacroCHallengeApp.xcodeproj">
            </BuildableReference>
            <SkippedTests>
               <Test
                  Identifier = "MacroCHallengeAppTests">
               </Test>
               <Test
                  Identifier = "MockSchoolsImplementationTests">
               </Test>
               <Test
                  Identifier = "OverviewViewControllerImplementation">
               </Test>
               <Test
                  Identifier = "RequestSenderImplementationTests">
               </Test>
               <Test
                  Identifier = "ResultsControllerImplementationTests">
               </Test>
            </SkippedTests>
         </TestableReference>
         <TestableReference
            skipped = "NO">
            <BuildableReference
               BuildableIdentifier = "primary"
               BlueprintIdentifier = "D565EF04252B813A00426648"
               BuildableName = "MacroCHallengeAppUITests.xctest"
               BlueprintName = "MacroCHallengeAppUITests"
               ReferencedContainer = "container:MacroCHallengeApp.xcodeproj">
            </BuildableReference>
            <SkippedTests>
               <Test
                  Identifier = "MacroCHallengeAppUITests">
               </Test>
            </SkippedTests>
         </TestableReference>
      </Testables>
   </TestAction>
   <LaunchAction
      buildConfiguration = "Debug"
      selectedDebuggerIdentifier = "Xcode.DebuggerFoundation.Debugger.LLDB"
      selectedLauncherIdentifier = "Xcode.DebuggerFoundation.Launcher.LLDB"
      launchStyle = "0"
      useCustomWorkingDirectory = "NO"
      ignoresPersistentStateOnLaunch = "NO"
      debugDocumentVersioning = "YES"
      debugServiceExtension = "internal"
      allowLocationSimulation = "YES">
      <BuildableProductRunnable
         runnableDebuggingMode = "0">
         <BuildableReference
            BuildableIdentifier = "primary"
            BlueprintIdentifier = "D565EEE3252B813700426648"
            BuildableName = "MacroCHallengeApp.app"
            BlueprintName = "MacroCHallengeApp"
            ReferencedContainer = "container:MacroCHallengeApp.xcodeproj">
         </BuildableReference>
      </BuildableProductRunnable>
   </LaunchAction>
   <ProfileAction
      buildConfiguration = "Release"
      shouldUseLaunchSchemeArgsEnv = "YES"
      savedToolIdentifier = ""
      useCustomWorkingDirectory = "NO"
      debugDocumentVersioning = "YES">
      <BuildableProductRunnable
         runnableDebuggingMode = "0">
         <BuildableReference
            BuildableIdentifier = "primary"
            BlueprintIdentifier = "D565EEE3252B813700426648"
            BuildableName = "MacroCHallengeApp.app"
            BlueprintName = "MacroCHallengeApp"
            ReferencedContainer = "container:MacroCHallengeApp.xcodeproj">
         </BuildableReference>
      </BuildableProductRunnable>
   </ProfileAction>
   <AnalyzeAction
      buildConfiguration = "Debug">
   </AnalyzeAction>
   <ArchiveAction
      buildConfiguration = "Release"
      revealArchiveInOrganizer = "YES">
   </ArchiveAction>
</Scheme>
